// !$*UTF8*$!
{
	archiveVersion = 1;
	classes = {
	};
	objectVersion = 56;
	objects = {

/* Begin PBXBuildFile section */
		8FEC46DF2A5C62DB004451E7 /* TrekkrApp.swift in Sources */ = {isa = PBXBuildFile; fileRef = 8FEC46DE2A5C62DB004451E7 /* TrekkrApp.swift */; };
		8FEC46E12A5C62DB004451E7 /* ContentView.swift in Sources */ = {isa = PBXBuildFile; fileRef = 8FEC46E02A5C62DB004451E7 /* ContentView.swift */; };
		8FEC46E32A5C62DE004451E7 /* Assets.xcassets in Resources */ = {isa = PBXBuildFile; fileRef = 8FEC46E22A5C62DE004451E7 /* Assets.xcassets */; };
		8FEC46E62A5C62DE004451E7 /* Preview Assets.xcassets in Resources */ = {isa = PBXBuildFile; fileRef = 8FEC46E52A5C62DE004451E7 /* Preview Assets.xcassets */; };
		8FEC46F02A5C62DE004451E7 /* TrekkrTests.swift in Sources */ = {isa = PBXBuildFile; fileRef = 8FEC46EF2A5C62DE004451E7 /* TrekkrTests.swift */; };
		8FEC46FA2A5C62DE004451E7 /* TrekkrUITests.swift in Sources */ = {isa = PBXBuildFile; fileRef = 8FEC46F92A5C62DE004451E7 /* TrekkrUITests.swift */; };
		8FEC46FC2A5C62DE004451E7 /* TrekkrUITestsLaunchTests.swift in Sources */ = {isa = PBXBuildFile; fileRef = 8FEC46FB2A5C62DE004451E7 /* TrekkrUITestsLaunchTests.swift */; };
/* End PBXBuildFile section */

/* Begin PBXContainerItemProxy section */
		8FEC46EC2A5C62DE004451E7 /* PBXContainerItemProxy */ = {
			isa = PBXContainerItemProxy;
			containerPortal = 8FEC46D32A5C62DB004451E7 /* Project object */;
			proxyType = 1;
			remoteGlobalIDString = 8FEC46DA2A5C62DB004451E7;
			remoteInfo = Trekkr;
		};
		8FEC46F62A5C62DE004451E7 /* PBXContainerItemProxy */ = {
			isa = PBXContainerItemProxy;
			containerPortal = 8FEC46D32A5C62DB004451E7 /* Project object */;
			proxyType = 1;
			remoteGlobalIDString = 8FEC46DA2A5C62DB004451E7;
			remoteInfo = Trekkr;
		};
/* End PBXContainerItemProxy section */

/* Begin PBXFileReference section */
		8FEC46DB2A5C62DB004451E7 /* Trekkr.app */ = {isa = PBXFileReference; explicitFileType = wrapper.application; includeInIndex = 0; path = Trekkr.app; sourceTree = BUILT_PRODUCTS_DIR; };
		8FEC46DE2A5C62DB004451E7 /* TrekkrApp.swift */ = {isa = PBXFileReference; lastKnownFileType = sourcecode.swift; path = TrekkrApp.swift; sourceTree = "<group>"; };
		8FEC46E02A5C62DB004451E7 /* ContentView.swift */ = {isa = PBXFileReference; lastKnownFileType = sourcecode.swift; path = ContentView.swift; sourceTree = "<group>"; };
		8FEC46E22A5C62DE004451E7 /* Assets.xcassets */ = {isa = PBXFileReference; lastKnownFileType = folder.assetcatalog; path = Assets.xcassets; sourceTree = "<group>"; };
		8FEC46E52A5C62DE004451E7 /* Preview Assets.xcassets */ = {isa = PBXFileReference; lastKnownFileType = folder.assetcatalog; path = "Preview Assets.xcassets"; sourceTree = "<group>"; };
		8FEC46EB2A5C62DE004451E7 /* TrekkrTests.xctest */ = {isa = PBXFileReference; explicitFileType = wrapper.cfbundle; includeInIndex = 0; path = TrekkrTests.xctest; sourceTree = BUILT_PRODUCTS_DIR; };
		8FEC46EF2A5C62DE004451E7 /* TrekkrTests.swift */ = {isa = PBXFileReference; lastKnownFileType = sourcecode.swift; path = TrekkrTests.swift; sourceTree = "<group>"; };
		8FEC46F52A5C62DE004451E7 /* TrekkrUITests.xctest */ = {isa = PBXFileReference; explicitFileType = wrapper.cfbundle; includeInIndex = 0; path = TrekkrUITests.xctest; sourceTree = BUILT_PRODUCTS_DIR; };
		8FEC46F92A5C62DE004451E7 /* TrekkrUITests.swift */ = {isa = PBXFileReference; lastKnownFileType = sourcecode.swift; path = TrekkrUITests.swift; sourceTree = "<group>"; };
		8FEC46FB2A5C62DE004451E7 /* TrekkrUITestsLaunchTests.swift */ = {isa = PBXFileReference; lastKnownFileType = sourcecode.swift; path = TrekkrUITestsLaunchTests.swift; sourceTree = "<group>"; };
/* End PBXFileReference section */

/* Begin PBXFrameworksBuildPhase section */
		8FEC46D82A5C62DB004451E7 /* Frameworks */ = {
			isa = PBXFrameworksBuildPhase;
			buildActionMask = 2147483647;
			files = (
			);
			runOnlyForDeploymentPostprocessing = 0;
		};
		8FEC46E82A5C62DE004451E7 /* Frameworks */ = {
			isa = PBXFrameworksBuildPhase;
			buildActionMask = 2147483647;
			files = (
			);
			runOnlyForDeploymentPostprocessing = 0;
		};
		8FEC46F22A5C62DE004451E7 /* Frameworks */ = {
			isa = PBXFrameworksBuildPhase;
			buildActionMask = 2147483647;
			files = (
			);
			runOnlyForDeploymentPostprocessing = 0;
		};
/* End PBXFrameworksBuildPhase section */

/* Begin PBXGroup section */
		8FEC46D22A5C62DB004451E7 = {
			isa = PBXGroup;
			children = (
				8FEC46DD2A5C62DB004451E7 /* Trekkr */,
				8FEC46EE2A5C62DE004451E7 /* TrekkrTests */,
				8FEC46F82A5C62DE004451E7 /* TrekkrUITests */,
				8FEC46DC2A5C62DB004451E7 /* Products */,
			);
			sourceTree = "<group>";
		};
		8FEC46DC2A5C62DB004451E7 /* Products */ = {
			isa = PBXGroup;
			children = (
				8FEC46DB2A5C62DB004451E7 /* Trekkr.app */,
				8FEC46EB2A5C62DE004451E7 /* TrekkrTests.xctest */,
				8FEC46F52A5C62DE004451E7 /* TrekkrUITests.xctest */,
			);
			name = Products;
			sourceTree = "<group>";
		};
		8FEC46DD2A5C62DB004451E7 /* Trekkr */ = {
			isa = PBXGroup;
			children = (
				8FEC46DE2A5C62DB004451E7 /* TrekkrApp.swift */,
				8FEC46E02A5C62DB004451E7 /* ContentView.swift */,
				8FEC46E22A5C62DE004451E7 /* Assets.xcassets */,
				8FEC46E42A5C62DE004451E7 /* Preview Content */,
			);
			path = Trekkr;
			sourceTree = "<group>";
		};
		8FEC46E42A5C62DE004451E7 /* Preview Content */ = {
			isa = PBXGroup;
			children = (
				8FEC46E52A5C62DE004451E7 /* Preview Assets.xcassets */,
			);
			path = "Preview Content";
			sourceTree = "<group>";
		};
		8FEC46EE2A5C62DE004451E7 /* TrekkrTests */ = {
			isa = PBXGroup;
			children = (
				8FEC46EF2A5C62DE004451E7 /* TrekkrTests.swift */,
			);
			path = TrekkrTests;
			sourceTree = "<group>";
		};
		8FEC46F82A5C62DE004451E7 /* TrekkrUITests */ = {
			isa = PBXGroup;
			children = (
				8FEC46F92A5C62DE004451E7 /* TrekkrUITests.swift */,
				8FEC46FB2A5C62DE004451E7 /* TrekkrUITestsLaunchTests.swift */,
			);
			path = TrekkrUITests;
			sourceTree = "<group>";
		};
/* End PBXGroup section */

/* Begin PBXNativeTarget section */
		8FEC46DA2A5C62DB004451E7 /* Trekkr */ = {
			isa = PBXNativeTarget;
			buildConfigurationList = 8FEC46FF2A5C62DE004451E7 /* Build configuration list for PBXNativeTarget "Trekkr" */;
			buildPhases = (
				8FEC46D72A5C62DB004451E7 /* Sources */,
				8FEC46D82A5C62DB004451E7 /* Frameworks */,
				8FEC46D92A5C62DB004451E7 /* Resources */,
			);
			buildRules = (
			);
			dependencies = (
			);
			name = Trekkr;
			productName = Trekkr;
			productReference = 8FEC46DB2A5C62DB004451E7 /* Trekkr.app */;
			productType = "com.apple.product-type.application";
		};
		8FEC46EA2A5C62DE004451E7 /* TrekkrTests */ = {
			isa = PBXNativeTarget;
			buildConfigurationList = 8FEC47022A5C62DE004451E7 /* Build configuration list for PBXNativeTarget "TrekkrTests" */;
			buildPhases = (
				8FEC46E72A5C62DE004451E7 /* Sources */,
				8FEC46E82A5C62DE004451E7 /* Frameworks */,
				8FEC46E92A5C62DE004451E7 /* Resources */,
			);
			buildRules = (
			);
			dependencies = (
				8FEC46ED2A5C62DE004451E7 /* PBXTargetDependency */,
			);
			name = TrekkrTests;
			productName = TrekkrTests;
			productReference = 8FEC46EB2A5C62DE004451E7 /* TrekkrTests.xctest */;
			productType = "com.apple.product-type.bundle.unit-test";
		};
		8FEC46F42A5C62DE004451E7 /* TrekkrUITests */ = {
			isa = PBXNativeTarget;
			buildConfigurationList = 8FEC47052A5C62DE004451E7 /* Build configuration list for PBXNativeTarget "TrekkrUITests" */;
			buildPhases = (
				8FEC46F12A5C62DE004451E7 /* Sources */,
				8FEC46F22A5C62DE004451E7 /* Frameworks */,
				8FEC46F32A5C62DE004451E7 /* Resources */,
			);
			buildRules = (
			);
			dependencies = (
				8FEC46F72A5C62DE004451E7 /* PBXTargetDependency */,
			);
			name = TrekkrUITests;
			productName = TrekkrUITests;
			productReference = 8FEC46F52A5C62DE004451E7 /* TrekkrUITests.xctest */;
			productType = "com.apple.product-type.bundle.ui-testing";
		};
/* End PBXNativeTarget section */

/* Begin PBXProject section */
		8FEC46D32A5C62DB004451E7 /* Project object */ = {
			isa = PBXProject;
			attributes = {
				BuildIndependentTargetsInParallel = 1;
				LastSwiftUpdateCheck = 1500;
				LastUpgradeCheck = 1500;
				TargetAttributes = {
					8FEC46DA2A5C62DB004451E7 = {
						CreatedOnToolsVersion = 15.0;
					};
					8FEC46EA2A5C62DE004451E7 = {
						CreatedOnToolsVersion = 15.0;
						TestTargetID = 8FEC46DA2A5C62DB004451E7;
					};
					8FEC46F42A5C62DE004451E7 = {
						CreatedOnToolsVersion = 15.0;
						TestTargetID = 8FEC46DA2A5C62DB004451E7;
					};
				};
			};
			buildConfigurationList = 8FEC46D62A5C62DB004451E7 /* Build configuration list for PBXProject "Trekkr" */;
			compatibilityVersion = "Xcode 14.0";
			developmentRegion = en;
			hasScannedForEncodings = 0;
			knownRegions = (
				en,
				Base,
			);
			mainGroup = 8FEC46D22A5C62DB004451E7;
			productRefGroup = 8FEC46DC2A5C62DB004451E7 /* Products */;
			projectDirPath = "";
			projectRoot = "";
			targets = (
				8FEC46DA2A5C62DB004451E7 /* Trekkr */,
				8FEC46EA2A5C62DE004451E7 /* TrekkrTests */,
				8FEC46F42A5C62DE004451E7 /* TrekkrUITests */,
			);
		};
/* End PBXProject section */

/* Begin PBXResourcesBuildPhase section */
		8FEC46D92A5C62DB004451E7 /* Resources */ = {
			isa = PBXResourcesBuildPhase;
			buildActionMask = 2147483647;
			files = (
				8FEC46E62A5C62DE004451E7 /* Preview Assets.xcassets in Resources */,
				8FEC46E32A5C62DE004451E7 /* Assets.xcassets in Resources */,
			);
			runOnlyForDeploymentPostprocessing = 0;
		};
		8FEC46E92A5C62DE004451E7 /* Resources */ = {
			isa = PBXResourcesBuildPhase;
			buildActionMask = 2147483647;
			files = (
			);
			runOnlyForDeploymentPostprocessing = 0;
		};
		8FEC46F32A5C62DE004451E7 /* Resources */ = {
			isa = PBXResourcesBuildPhase;
			buildActionMask = 2147483647;
			files = (
			);
			runOnlyForDeploymentPostprocessing = 0;
		};
/* End PBXResourcesBuildPhase section */

/* Begin PBXSourcesBuildPhase section */
		8FEC46D72A5C62DB004451E7 /* Sources */ = {
			isa = PBXSourcesBuildPhase;
			buildActionMask = 2147483647;
			files = (
				8FEC46E12A5C62DB004451E7 /* ContentView.swift in Sources */,
				8FEC46DF2A5C62DB004451E7 /* TrekkrApp.swift in Sources */,
			);
			runOnlyForDeploymentPostprocessing = 0;
		};
		8FEC46E72A5C62DE004451E7 /* Sources */ = {
			isa = PBXSourcesBuildPhase;
			buildActionMask = 2147483647;
			files = (
				8FEC46F02A5C62DE004451E7 /* TrekkrTests.swift in Sources */,
			);
			runOnlyForDeploymentPostprocessing = 0;
		};
		8FEC46F12A5C62DE004451E7 /* Sources */ = {
			isa = PBXSourcesBuildPhase;
			buildActionMask = 2147483647;
			files = (
				8FEC46FA2A5C62DE004451E7 /* TrekkrUITests.swift in Sources */,
				8FEC46FC2A5C62DE004451E7 /* TrekkrUITestsLaunchTests.swift in Sources */,
			);
			runOnlyForDeploymentPostprocessing = 0;
		};
/* End PBXSourcesBuildPhase section */

/* Begin PBXTargetDependency section */
		8FEC46ED2A5C62DE004451E7 /* PBXTargetDependency */ = {
			isa = PBXTargetDependency;
			target = 8FEC46DA2A5C62DB004451E7 /* Trekkr */;
			targetProxy = 8FEC46EC2A5C62DE004451E7 /* PBXContainerItemProxy */;
		};
		8FEC46F72A5C62DE004451E7 /* PBXTargetDependency */ = {
			isa = PBXTargetDependency;
			target = 8FEC46DA2A5C62DB004451E7 /* Trekkr */;
			targetProxy = 8FEC46F62A5C62DE004451E7 /* PBXContainerItemProxy */;
		};
/* End PBXTargetDependency section */

/* Begin XCBuildConfiguration section */
		8FEC46FD2A5C62DE004451E7 /* Debug */ = {
			isa = XCBuildConfiguration;
			buildSettings = {
				ALWAYS_SEARCH_USER_PATHS = NO;
				ASSETCATALOG_COMPILER_GENERATE_SWIFT_ASSET_SYMBOL_EXTENSIONS = YES;
				CLANG_ANALYZER_NONNULL = YES;
				CLANG_ANALYZER_NUMBER_OBJECT_CONVERSION = YES_AGGRESSIVE;
				CLANG_CXX_LANGUAGE_STANDARD = "gnu++20";
				CLANG_ENABLE_MODULES = YES;
				CLANG_ENABLE_OBJC_ARC = YES;
				CLANG_ENABLE_OBJC_WEAK = YES;
				CLANG_WARN_BLOCK_CAPTURE_AUTORELEASING = YES;
				CLANG_WARN_BOOL_CONVERSION = YES;
				CLANG_WARN_COMMA = YES;
				CLANG_WARN_CONSTANT_CONVERSION = YES;
				CLANG_WARN_DEPRECATED_OBJC_IMPLEMENTATIONS = YES;
				CLANG_WARN_DIRECT_OBJC_ISA_USAGE = YES_ERROR;
				CLANG_WARN_DOCUMENTATION_COMMENTS = YES;
				CLANG_WARN_EMPTY_BODY = YES;
				CLANG_WARN_ENUM_CONVERSION = YES;
				CLANG_WARN_INFINITE_RECURSION = YES;
				CLANG_WARN_INT_CONVERSION = YES;
				CLANG_WARN_NON_LITERAL_NULL_CONVERSION = YES;
				CLANG_WARN_OBJC_IMPLICIT_RETAIN_SELF = YES;
				CLANG_WARN_OBJC_LITERAL_CONVERSION = YES;
				CLANG_WARN_OBJC_ROOT_CLASS = YES_ERROR;
				CLANG_WARN_QUOTED_INCLUDE_IN_FRAMEWORK_HEADER = YES;
				CLANG_WARN_RANGE_LOOP_ANALYSIS = YES;
				CLANG_WARN_STRICT_PROTOTYPES = YES;
				CLANG_WARN_SUSPICIOUS_MOVE = YES;
				CLANG_WARN_UNGUARDED_AVAILABILITY = YES_AGGRESSIVE;
				CLANG_WARN_UNREACHABLE_CODE = YES;
				CLANG_WARN__DUPLICATE_METHOD_MATCH = YES;
				COPY_PHASE_STRIP = NO;
				DEBUG_INFORMATION_FORMAT = dwarf;
				ENABLE_STRICT_OBJC_MSGSEND = YES;
				ENABLE_TESTABILITY = YES;
				ENABLE_USER_SCRIPT_SANDBOXING = YES;
				GCC_C_LANGUAGE_STANDARD = gnu17;
				GCC_DYNAMIC_NO_PIC = NO;
				GCC_NO_COMMON_BLOCKS = YES;
				GCC_OPTIMIZATION_LEVEL = 0;
				GCC_PREPROCESSOR_DEFINITIONS = (
					"DEBUG=1",
					"$(inherited)",
				);
				GCC_WARN_64_TO_32_BIT_CONVERSION = YES;
				GCC_WARN_ABOUT_RETURN_TYPE = YES_ERROR;
				GCC_WARN_UNDECLARED_SELECTOR = YES;
				GCC_WARN_UNINITIALIZED_AUTOS = YES_AGGRESSIVE;
				GCC_WARN_UNUSED_FUNCTION = YES;
				GCC_WARN_UNUSED_VARIABLE = YES;
				IPHONEOS_DEPLOYMENT_TARGET = 17.0;
				LOCALIZATION_PREFERS_STRING_CATALOGS = YES;
				MTL_ENABLE_DEBUG_INFO = INCLUDE_SOURCE;
				MTL_FAST_MATH = YES;
				ONLY_ACTIVE_ARCH = YES;
				SDKROOT = iphoneos;
				SWIFT_ACTIVE_COMPILATION_CONDITIONS = "DEBUG $(inherited)";
				SWIFT_OPTIMIZATION_LEVEL = "-Onone";
			};
			name = Debug;
		};
		8FEC46FE2A5C62DE004451E7 /* Release */ = {
			isa = XCBuildConfiguration;
			buildSettings = {
				ALWAYS_SEARCH_USER_PATHS = NO;
				ASSETCATALOG_COMPILER_GENERATE_SWIFT_ASSET_SYMBOL_EXTENSIONS = YES;
				CLANG_ANALYZER_NONNULL = YES;
				CLANG_ANALYZER_NUMBER_OBJECT_CONVERSION = YES_AGGRESSIVE;
				CLANG_CXX_LANGUAGE_STANDARD = "gnu++20";
				CLANG_ENABLE_MODULES = YES;
				CLANG_ENABLE_OBJC_ARC = YES;
				CLANG_ENABLE_OBJC_WEAK = YES;
				CLANG_WARN_BLOCK_CAPTURE_AUTORELEASING = YES;
				CLANG_WARN_BOOL_CONVERSION = YES;
				CLANG_WARN_COMMA = YES;
				CLANG_WARN_CONSTANT_CONVERSION = YES;
				CLANG_WARN_DEPRECATED_OBJC_IMPLEMENTATIONS = YES;
				CLANG_WARN_DIRECT_OBJC_ISA_USAGE = YES_ERROR;
				CLANG_WARN_DOCUMENTATION_COMMENTS = YES;
				CLANG_WARN_EMPTY_BODY = YES;
				CLANG_WARN_ENUM_CONVERSION = YES;
				CLANG_WARN_INFINITE_RECURSION = YES;
				CLANG_WARN_INT_CONVERSION = YES;
				CLANG_WARN_NON_LITERAL_NULL_CONVERSION = YES;
				CLANG_WARN_OBJC_IMPLICIT_RETAIN_SELF = YES;
				CLANG_WARN_OBJC_LITERAL_CONVERSION = YES;
				CLANG_WARN_OBJC_ROOT_CLASS = YES_ERROR;
				CLANG_WARN_QUOTED_INCLUDE_IN_FRAMEWORK_HEADER = YES;
				CLANG_WARN_RANGE_LOOP_ANALYSIS = YES;
				CLANG_WARN_STRICT_PROTOTYPES = YES;
				CLANG_WARN_SUSPICIOUS_MOVE = YES;
				CLANG_WARN_UNGUARDED_AVAILABILITY = YES_AGGRESSIVE;
				CLANG_WARN_UNREACHABLE_CODE = YES;
				CLANG_WARN__DUPLICATE_METHOD_MATCH = YES;
				COPY_PHASE_STRIP = NO;
				DEBUG_INFORMATION_FORMAT = "dwarf-with-dsym";
				ENABLE_NS_ASSERTIONS = NO;
				ENABLE_STRICT_OBJC_MSGSEND = YES;
				ENABLE_USER_SCRIPT_SANDBOXING = YES;
				GCC_C_LANGUAGE_STANDARD = gnu17;
				GCC_NO_COMMON_BLOCKS = YES;
				GCC_WARN_64_TO_32_BIT_CONVERSION = YES;
				GCC_WARN_ABOUT_RETURN_TYPE = YES_ERROR;
				GCC_WARN_UNDECLARED_SELECTOR = YES;
				GCC_WARN_UNINITIALIZED_AUTOS = YES_AGGRESSIVE;
				GCC_WARN_UNUSED_FUNCTION = YES;
				GCC_WARN_UNUSED_VARIABLE = YES;
				IPHONEOS_DEPLOYMENT_TARGET = 17.0;
				LOCALIZATION_PREFERS_STRING_CATALOGS = YES;
				MTL_ENABLE_DEBUG_INFO = NO;
				MTL_FAST_MATH = YES;
				SDKROOT = iphoneos;
				SWIFT_COMPILATION_MODE = wholemodule;
				VALIDATE_PRODUCT = YES;
			};
			name = Release;
		};
		8FEC47002A5C62DE004451E7 /* Debug */ = {
			isa = XCBuildConfiguration;
			buildSettings = {
				ASSETCATALOG_COMPILER_APPICON_NAME = AppIcon;
				ASSETCATALOG_COMPILER_GLOBAL_ACCENT_COLOR_NAME = AccentColor;
				CODE_SIGN_STYLE = Automatic;
				CURRENT_PROJECT_VERSION = 1;
				DEVELOPMENT_ASSET_PATHS = "\"Trekkr/Preview Content\"";
				DEVELOPMENT_TEAM = F5RWHT2S98;
				ENABLE_PREVIEWS = YES;
				GENERATE_INFOPLIST_FILE = YES;
				INFOPLIST_KEY_UIApplicationSceneManifest_Generation = YES;
				INFOPLIST_KEY_UIApplicationSupportsIndirectInputEvents = YES;
				INFOPLIST_KEY_UILaunchScreen_Generation = YES;
				INFOPLIST_KEY_UISupportedInterfaceOrientations_iPad = "UIInterfaceOrientationPortrait UIInterfaceOrientationPortraitUpsideDown UIInterfaceOrientationLandscapeLeft UIInterfaceOrientationLandscapeRight";
				INFOPLIST_KEY_UISupportedInterfaceOrientations_iPhone = "UIInterfaceOrientationPortrait UIInterfaceOrientationLandscapeLeft UIInterfaceOrientationLandscapeRight";
				LD_RUNPATH_SEARCH_PATHS = (
					"$(inherited)",
					"@executable_path/Frameworks",
				);
				MARKETING_VERSION = 1.0;
				PRODUCT_BUNDLE_IDENTIFIER = com.notfreshprince.Trekkr;
				PRODUCT_NAME = "$(TARGET_NAME)";
				SWIFT_EMIT_LOC_STRINGS = YES;
				SWIFT_VERSION = 5.0;
				TARGETED_DEVICE_FAMILY = "1,2";
			};
			name = Debug;
		};
		8FEC47012A5C62DE004451E7 /* Release */ = {
			isa = XCBuildConfiguration;
			buildSettings = {
				ASSETCATALOG_COMPILER_APPICON_NAME = AppIcon;
				ASSETCATALOG_COMPILER_GLOBAL_ACCENT_COLOR_NAME = AccentColor;
				CODE_SIGN_STYLE = Automatic;
				CURRENT_PROJECT_VERSION = 1;
				DEVELOPMENT_ASSET_PATHS = "\"Trekkr/Preview Content\"";
				DEVELOPMENT_TEAM = F5RWHT2S98;
				ENABLE_PREVIEWS = YES;
				GENERATE_INFOPLIST_FILE = YES;
				INFOPLIST_KEY_UIApplicationSceneManifest_Generation = YES;
				INFOPLIST_KEY_UIApplicationSupportsIndirectInputEvents = YES;
				INFOPLIST_KEY_UILaunchScreen_Generation = YES;
				INFOPLIST_KEY_UISupportedInterfaceOrientations_iPad = "UIInterfaceOrientationPortrait UIInterfaceOrientationPortraitUpsideDown UIInterfaceOrientationLandscapeLeft UIInterfaceOrientationLandscapeRight";
				INFOPLIST_KEY_UISupportedInterfaceOrientations_iPhone = "UIInterfaceOrientationPortrait UIInterfaceOrientationLandscapeLeft UIInterfaceOrientationLandscapeRight";
				LD_RUNPATH_SEARCH_PATHS = (
					"$(inherited)",
					"@executable_path/Frameworks",
				);
				MARKETING_VERSION = 1.0;
				PRODUCT_BUNDLE_IDENTIFIER = com.notfreshprince.Trekkr;
				PRODUCT_NAME = "$(TARGET_NAME)";
				SWIFT_EMIT_LOC_STRINGS = YES;
				SWIFT_VERSION = 5.0;
				TARGETED_DEVICE_FAMILY = "1,2";
			};
			name = Release;
		};
		8FEC47032A5C62DE004451E7 /* Debug */ = {
			isa = XCBuildConfiguration;
			buildSettings = {
				ALWAYS_EMBED_SWIFT_STANDARD_LIBRARIES = YES;
				BUNDLE_LOADER = "$(TEST_HOST)";
				CODE_SIGN_STYLE = Automatic;
				CURRENT_PROJECT_VERSION = 1;
				DEVELOPMENT_TEAM = F5RWHT2S98;
				GENERATE_INFOPLIST_FILE = YES;
				IPHONEOS_DEPLOYMENT_TARGET = 17.0;
				MARKETING_VERSION = 1.0;
				PRODUCT_BUNDLE_IDENTIFIER = com.notfreshprince.TrekkrTests;
				PRODUCT_NAME = "$(TARGET_NAME)";
				SWIFT_EMIT_LOC_STRINGS = NO;
				SWIFT_VERSION = 5.0;
				TARGETED_DEVICE_FAMILY = "1,2";
				TEST_HOST = "$(BUILT_PRODUCTS_DIR)/Trekkr.app/$(BUNDLE_EXECUTABLE_FOLDER_PATH)/Trekkr";
			};
			name = Debug;
		};
		8FEC47042A5C62DE004451E7 /* Release */ = {
			isa = XCBuildConfiguration;
			buildSettings = {
				ALWAYS_EMBED_SWIFT_STANDARD_LIBRARIES = YES;
				BUNDLE_LOADER = "$(TEST_HOST)";
				CODE_SIGN_STYLE = Automatic;
				CURRENT_PROJECT_VERSION = 1;
				DEVELOPMENT_TEAM = F5RWHT2S98;
				GENERATE_INFOPLIST_FILE = YES;
				IPHONEOS_DEPLOYMENT_TARGET = 17.0;
				MARKETING_VERSION = 1.0;
				PRODUCT_BUNDLE_IDENTIFIER = com.notfreshprince.TrekkrTests;
				PRODUCT_NAME = "$(TARGET_NAME)";
				SWIFT_EMIT_LOC_STRINGS = NO;
				SWIFT_VERSION = 5.0;
				TARGETED_DEVICE_FAMILY = "1,2";
				TEST_HOST = "$(BUILT_PRODUCTS_DIR)/Trekkr.app/$(BUNDLE_EXECUTABLE_FOLDER_PATH)/Trekkr";
			};
			name = Release;
		};
		8FEC47062A5C62DE004451E7 /* Debug */ = {
			isa = XCBuildConfiguration;
			buildSettings = {
				ALWAYS_EMBED_SWIFT_STANDARD_LIBRARIES = YES;
				CODE_SIGN_STYLE = Automatic;
				CURRENT_PROJECT_VERSION = 1;
				DEVELOPMENT_TEAM = F5RWHT2S98;
				GENERATE_INFOPLIST_FILE = YES;
				MARKETING_VERSION = 1.0;
				PRODUCT_BUNDLE_IDENTIFIER = com.notfreshprince.TrekkrUITests;
				PRODUCT_NAME = "$(TARGET_NAME)";
				SWIFT_EMIT_LOC_STRINGS = NO;
				SWIFT_VERSION = 5.0;
				TARGETED_DEVICE_FAMILY = "1,2";
				TEST_TARGET_NAME = Trekkr;
			};
			name = Debug;
		};
		8FEC47072A5C62DE004451E7 /* Release */ = {
			isa = XCBuildConfiguration;
			buildSettings = {
				ALWAYS_EMBED_SWIFT_STANDARD_LIBRARIES = YES;
				CODE_SIGN_STYLE = Automatic;
				CURRENT_PROJECT_VERSION = 1;
				DEVELOPMENT_TEAM = F5RWHT2S98;
				GENERATE_INFOPLIST_FILE = YES;
				MARKETING_VERSION = 1.0;
				PRODUCT_BUNDLE_IDENTIFIER = com.notfreshprince.TrekkrUITests;
				PRODUCT_NAME = "$(TARGET_NAME)";
				SWIFT_EMIT_LOC_STRINGS = NO;
				SWIFT_VERSION = 5.0;
				TARGETED_DEVICE_FAMILY = "1,2";
				TEST_TARGET_NAME = Trekkr;
			};
			name = Release;
		};
/* End XCBuildConfiguration section */

/* Begin XCConfigurationList section */
		8FEC46D62A5C62DB004451E7 /* Build configuration list for PBXProject "Trekkr" */ = {
			isa = XCConfigurationList;
			buildConfigurations = (
				8FEC46FD2A5C62DE004451E7 /* Debug */,
				8FEC46FE2A5C62DE004451E7 /* Release */,
			);
			defaultConfigurationIsVisible = 0;
			defaultConfigurationName = Release;
		};
		8FEC46FF2A5C62DE004451E7 /* Build configuration list for PBXNativeTarget "Trekkr" */ = {
			isa = XCConfigurationList;
			buildConfigurations = (
				8FEC47002A5C62DE004451E7 /* Debug */,
				8FEC47012A5C62DE004451E7 /* Release */,
			);
			defaultConfigurationIsVisible = 0;
			defaultConfigurationName = Release;
		};
		8FEC47022A5C62DE004451E7 /* Build configuration list for PBXNativeTarget "TrekkrTests" */ = {
			isa = XCConfigurationList;
			buildConfigurations = (
				8FEC47032A5C62DE004451E7 /* Debug */,
				8FEC47042A5C62DE004451E7 /* Release */,
			);
			defaultConfigurationIsVisible = 0;
			defaultConfigurationName = Release;
		};
		8FEC47052A5C62DE004451E7 /* Build configuration list for PBXNativeTarget "TrekkrUITests" */ = {
			isa = XCConfigurationList;
			buildConfigurations = (
				8FEC47062A5C62DE004451E7 /* Debug */,
				8FEC47072A5C62DE004451E7 /* Release */,
			);
			defaultConfigurationIsVisible = 0;
			defaultConfigurationName = Release;
		};
/* End XCConfigurationList section */
	};
	rootObject = 8FEC46D32A5C62DB004451E7 /* Project object */;
}
